
Microsoft Visual Studio Solution File, Format Version 12.00
# Visual Studio Version 17
VisualStudioVersion = 17.6.33815.320
MinimumVisualStudioVersion = 10.0.40219.1
Project("{FAE04EC0-301F-11D3-BF4B-00C04F79EFBC}") = "Christmas", "Christmas\Christmas.csproj", "{B5B5AC69-13F7-4231-BE8C-FD4EF9269636}"
EndProject
Global
	GlobalSection(SolutionConfigurationPlatforms) = preSolution
		Debug|Any CPU = Debug|Any CPU
		Release|Any CPU = Release|Any CPU
	EndGlobalSection
	GlobalSection(ProjectConfigurationPlatforms) = postSolution
		{B5B5AC69-13F7-4231-BE8C-FD4EF9269636}.Debug|Any CPU.ActiveCfg = Debug|Any CPU
		{B5B5AC69-13F7-4231-BE8C-FD4EF9269636}.Debug|Any CPU.Build.0 = Debug|Any CPU
		{B5B5AC69-13F7-4231-BE8C-FD4EF9269636}.Release|Any CPU.ActiveCfg = Release|Any CPU
		{B5B5AC69-13F7-4231-BE8C-FD4EF9269636}.Release|Any CPU.Build.0 = Release|Any CPU
	EndGlobalSection
	GlobalSection(SolutionProperties) = preSolution
		HideSolutionNode = FALSE
	EndGlobalSection
	GlobalSection(ExtensibilityGlobals) = postSolution
		SolutionGuid = {92952B4B-3BFB-4D01-809C-BCD7402327B4}
	EndGlobalSection
EndGlobal
